{
  "name": "simple-locator",
  "version": "1.0.0",
  "lockfileVersion": 1,
  "requires": true,
  "dependencies": {
    "@google/markerclusterer": {
      "version": "1.0.3",
      "resolved": "https://registry.npmjs.org/@google/markerclusterer/-/markerclusterer-1.0.3.tgz",
      "integrity": "sha512-/fRbSPyQKnm43zRnoyMerbiGS3vG3WkZiLgpBF3ovoLO84sKhEAzKMVcyozy/khEHlZoMJ9Axkr0NRVJRAQhcg==",
      "dev": true
    },
    "domurl": {
      "version": "2.2.0",
      "resolved": "https://registry.npmjs.org/domurl/-/domurl-2.2.0.tgz",
      "integrity": "sha512-HImTLh3nL9tTbM5OvgixJ7wknTiRJXAwk219mMKlE53P71hFNO/rIap2LkOFbDjm/0ivhlXXN3Srq1cdz2zoGg=="
    }
  }
}
